
Microsoft Visual Studio Solution File, Format Version 12.00
# Visual Studio 15
VisualStudioVersion = 15.0.27428.2015
MinimumVisualStudioVersion = 10.0.40219.1
Project("{FAE04EC0-301F-11D3-BF4B-00C04F79EFBC}") = "CodeLab1", "CodeLab1\CodeLab1.csproj", "{3EC41F64-8402-43F8-89B2-2A399B7A34A5}"
EndProject
Project("{FAE04EC0-301F-11D3-BF4B-00C04F79EFBC}") = "CodeLab2", "CodeLab2\CodeLab2.csproj", "{036DDE49-0EE6-4243-A9FB-262937E385DE}"
EndProject
Project("{FAE04EC0-301F-11D3-BF4B-00C04F79EFBC}") = "CodeLab3", "CodeLab3\CodeLab3.csproj", "{52AD4467-745D-443E-96D2-EE07FF2457A8}"
EndProject
Project("{FAE04EC0-301F-11D3-BF4B-00C04F79EFBC}") = "CodeLab4", "CodeLab4\CodeLab4.csproj", "{60476ADF-46C0-43B4-8A8C-007C254ADD44}"
EndProject
Project("{FAE04EC0-301F-11D3-BF4B-00C04F79EFBC}") = "CodeLab5", "CodeLab5\CodeLab5.csproj", "{0E4F0357-06CA-4CDB-8736-8352DE29095B}"
EndProject
Project("{FAE04EC0-301F-11D3-BF4B-00C04F79EFBC}") = "CodeLab3-1", "CodeLab3-1\CodeLab3-1.csproj", "{AF20E503-5C69-4EB9-88E7-114210D03D23}"
EndProject
Project("{FAE04EC0-301F-11D3-BF4B-00C04F79EFBC}") = "CodeLab6", "CodeLab6\CodeLab6.csproj", "{C71B7373-3C8F-4D5F-812E-275A5F1959C5}"
EndProject
Project("{FAE04EC0-301F-11D3-BF4B-00C04F79EFBC}") = "CodeLab7", "CodeLab7\CodeLab7.csproj", "{071904B1-6179-49B0-BA1D-2D0CB4F9CA02}"
EndProject
Project("{FAE04EC0-301F-11D3-BF4B-00C04F79EFBC}") = "CodeLab8", "CodeLab8\CodeLab8.csproj", "{2AD216C3-C642-467C-B44A-84CCB755B9AC}"
EndProject
Project("{FAE04EC0-301F-11D3-BF4B-00C04F79EFBC}") = "CodeLab9", "CodeLab9\CodeLab9.csproj", "{6CB1D032-E275-4237-9F16-470EDDD83364}"
EndProject
Project("{FAE04EC0-301F-11D3-BF4B-00C04F79EFBC}") = "LinkedList", "LinkedList\LinkedList.csproj", "{9B06A39A-830D-4719-BD5B-31BE532A991D}"
EndProject
Project("{FAE04EC0-301F-11D3-BF4B-00C04F79EFBC}") = "CodeLab10", "CodeLab10\CodeLab10.csproj", "{9DB77635-4F31-45BA-BEF5-BBD2E4BBA0B4}"
EndProject
Project("{FAE04EC0-301F-11D3-BF4B-00C04F79EFBC}") = "CodeLab11", "CodeLab11\CodeLab11.csproj", "{B52FB98B-D01D-48AF-B49B-8D51860837F8}"
EndProject
Project("{FAE04EC0-301F-11D3-BF4B-00C04F79EFBC}") = "CodeLab12", "CodeLab12\CodeLab12.csproj", "{F9BEFE78-2BCB-40C1-9C25-765ED35FAF76}"
EndProject
Project("{FAE04EC0-301F-11D3-BF4B-00C04F79EFBC}") = "CodeLab13", "CodeLab13\CodeLab13.csproj", "{41811B36-C23F-4A7B-A39A-E0612A12D747}"
EndProject
Project("{FAE04EC0-301F-11D3-BF4B-00C04F79EFBC}") = "CodeLab14", "CodeLab14\CodeLab14.csproj", "{47CA8B22-F79E-41D7-A5E7-2500FDD30B20}"
EndProject
Project("{FAE04EC0-301F-11D3-BF4B-00C04F79EFBC}") = "CodeLab15", "CodeLab15\CodeLab15.csproj", "{3B7CC337-DE58-4A1C-9C10-8DB9FB2E3EC4}"
EndProject
Project("{FAE04EC0-301F-11D3-BF4B-00C04F79EFBC}") = "CodeLab16", "CodeLab16\CodeLab16.csproj", "{49A2C008-3CF1-4568-B71A-FB12C192651E}"
EndProject
Global
	GlobalSection(SolutionConfigurationPlatforms) = preSolution
		Debug|Any CPU = Debug|Any CPU
		Release|Any CPU = Release|Any CPU
	EndGlobalSection
	GlobalSection(ProjectConfigurationPlatforms) = postSolution
		{3EC41F64-8402-43F8-89B2-2A399B7A34A5}.Debug|Any CPU.ActiveCfg = Debug|Any CPU
		{3EC41F64-8402-43F8-89B2-2A399B7A34A5}.Debug|Any CPU.Build.0 = Debug|Any CPU
		{3EC41F64-8402-43F8-89B2-2A399B7A34A5}.Release|Any CPU.ActiveCfg = Release|Any CPU
		{3EC41F64-8402-43F8-89B2-2A399B7A34A5}.Release|Any CPU.Build.0 = Release|Any CPU
		{036DDE49-0EE6-4243-A9FB-262937E385DE}.Debug|Any CPU.ActiveCfg = Debug|Any CPU
		{036DDE49-0EE6-4243-A9FB-262937E385DE}.Debug|Any CPU.Build.0 = Debug|Any CPU
		{036DDE49-0EE6-4243-A9FB-262937E385DE}.Release|Any CPU.ActiveCfg = Release|Any CPU
		{036DDE49-0EE6-4243-A9FB-262937E385DE}.Release|Any CPU.Build.0 = Release|Any CPU
		{52AD4467-745D-443E-96D2-EE07FF2457A8}.Debug|Any CPU.ActiveCfg = Debug|Any CPU
		{52AD4467-745D-443E-96D2-EE07FF2457A8}.Debug|Any CPU.Build.0 = Debug|Any CPU
		{52AD4467-745D-443E-96D2-EE07FF2457A8}.Release|Any CPU.ActiveCfg = Release|Any CPU
		{52AD4467-745D-443E-96D2-EE07FF2457A8}.Release|Any CPU.Build.0 = Release|Any CPU
		{60476ADF-46C0-43B4-8A8C-007C254ADD44}.Debug|Any CPU.ActiveCfg = Debug|Any CPU
		{60476ADF-46C0-43B4-8A8C-007C254ADD44}.Debug|Any CPU.Build.0 = Debug|Any CPU
		{60476ADF-46C0-43B4-8A8C-007C254ADD44}.Release|Any CPU.ActiveCfg = Release|Any CPU
		{60476ADF-46C0-43B4-8A8C-007C254ADD44}.Release|Any CPU.Build.0 = Release|Any CPU
		{0E4F0357-06CA-4CDB-8736-8352DE29095B}.Debug|Any CPU.ActiveCfg = Debug|Any CPU
		{0E4F0357-06CA-4CDB-8736-8352DE29095B}.Debug|Any CPU.Build.0 = Debug|Any CPU
		{0E4F0357-06CA-4CDB-8736-8352DE29095B}.Release|Any CPU.ActiveCfg = Release|Any CPU
		{0E4F0357-06CA-4CDB-8736-8352DE29095B}.Release|Any CPU.Build.0 = Release|Any CPU
		{AF20E503-5C69-4EB9-88E7-114210D03D23}.Debug|Any CPU.ActiveCfg = Debug|Any CPU
		{AF20E503-5C69-4EB9-88E7-114210D03D23}.Debug|Any CPU.Build.0 = Debug|Any CPU
		{AF20E503-5C69-4EB9-88E7-114210D03D23}.Release|Any CPU.ActiveCfg = Release|Any CPU
		{AF20E503-5C69-4EB9-88E7-114210D03D23}.Release|Any CPU.Build.0 = Release|Any CPU
		{C71B7373-3C8F-4D5F-812E-275A5F1959C5}.Debug|Any CPU.ActiveCfg = Debug|Any CPU
		{C71B7373-3C8F-4D5F-812E-275A5F1959C5}.Debug|Any CPU.Build.0 = Debug|Any CPU
		{C71B7373-3C8F-4D5F-812E-275A5F1959C5}.Release|Any CPU.ActiveCfg = Release|Any CPU
		{C71B7373-3C8F-4D5F-812E-275A5F1959C5}.Release|Any CPU.Build.0 = Release|Any CPU
		{071904B1-6179-49B0-BA1D-2D0CB4F9CA02}.Debug|Any CPU.ActiveCfg = Debug|Any CPU
		{071904B1-6179-49B0-BA1D-2D0CB4F9CA02}.Debug|Any CPU.Build.0 = Debug|Any CPU
		{071904B1-6179-49B0-BA1D-2D0CB4F9CA02}.Release|Any CPU.ActiveCfg = Release|Any CPU
		{071904B1-6179-49B0-BA1D-2D0CB4F9CA02}.Release|Any CPU.Build.0 = Release|Any CPU
		{2AD216C3-C642-467C-B44A-84CCB755B9AC}.Debug|Any CPU.ActiveCfg = Debug|Any CPU
		{2AD216C3-C642-467C-B44A-84CCB755B9AC}.Debug|Any CPU.Build.0 = Debug|Any CPU
		{2AD216C3-C642-467C-B44A-84CCB755B9AC}.Release|Any CPU.ActiveCfg = Release|Any CPU
		{2AD216C3-C642-467C-B44A-84CCB755B9AC}.Release|Any CPU.Build.0 = Release|Any CPU
		{6CB1D032-E275-4237-9F16-470EDDD83364}.Debug|Any CPU.ActiveCfg = Debug|Any CPU
		{6CB1D032-E275-4237-9F16-470EDDD83364}.Debug|Any CPU.Build.0 = Debug|Any CPU
		{6CB1D032-E275-4237-9F16-470EDDD83364}.Release|Any CPU.ActiveCfg = Release|Any CPU
		{6CB1D032-E275-4237-9F16-470EDDD83364}.Release|Any CPU.Build.0 = Release|Any CPU
		{9B06A39A-830D-4719-BD5B-31BE532A991D}.Debug|Any CPU.ActiveCfg = Debug|Any CPU
		{9B06A39A-830D-4719-BD5B-31BE532A991D}.Debug|Any CPU.Build.0 = Debug|Any CPU
		{9B06A39A-830D-4719-BD5B-31BE532A991D}.Release|Any CPU.ActiveCfg = Release|Any CPU
		{9B06A39A-830D-4719-BD5B-31BE532A991D}.Release|Any CPU.Build.0 = Release|Any CPU
		{9DB77635-4F31-45BA-BEF5-BBD2E4BBA0B4}.Debug|Any CPU.ActiveCfg = Debug|Any CPU
		{9DB77635-4F31-45BA-BEF5-BBD2E4BBA0B4}.Debug|Any CPU.Build.0 = Debug|Any CPU
		{9DB77635-4F31-45BA-BEF5-BBD2E4BBA0B4}.Release|Any CPU.ActiveCfg = Release|Any CPU
		{9DB77635-4F31-45BA-BEF5-BBD2E4BBA0B4}.Release|Any CPU.Build.0 = Release|Any CPU
		{B52FB98B-D01D-48AF-B49B-8D51860837F8}.Debug|Any CPU.ActiveCfg = Debug|Any CPU
		{B52FB98B-D01D-48AF-B49B-8D51860837F8}.Debug|Any CPU.Build.0 = Debug|Any CPU
		{B52FB98B-D01D-48AF-B49B-8D51860837F8}.Release|Any CPU.ActiveCfg = Release|Any CPU
		{B52FB98B-D01D-48AF-B49B-8D51860837F8}.Release|Any CPU.Build.0 = Release|Any CPU
		{F9BEFE78-2BCB-40C1-9C25-765ED35FAF76}.Debug|Any CPU.ActiveCfg = Debug|Any CPU
		{F9BEFE78-2BCB-40C1-9C25-765ED35FAF76}.Debug|Any CPU.Build.0 = Debug|Any CPU
		{F9BEFE78-2BCB-40C1-9C25-765ED35FAF76}.Release|Any CPU.ActiveCfg = Release|Any CPU
		{F9BEFE78-2BCB-40C1-9C25-765ED35FAF76}.Release|Any CPU.Build.0 = Release|Any CPU
		{41811B36-C23F-4A7B-A39A-E0612A12D747}.Debug|Any CPU.ActiveCfg = Debug|Any CPU
		{41811B36-C23F-4A7B-A39A-E0612A12D747}.Debug|Any CPU.Build.0 = Debug|Any CPU
		{41811B36-C23F-4A7B-A39A-E0612A12D747}.Release|Any CPU.ActiveCfg = Release|Any CPU
		{41811B36-C23F-4A7B-A39A-E0612A12D747}.Release|Any CPU.Build.0 = Release|Any CPU
		{47CA8B22-F79E-41D7-A5E7-2500FDD30B20}.Debug|Any CPU.ActiveCfg = Debug|Any CPU
		{47CA8B22-F79E-41D7-A5E7-2500FDD30B20}.Debug|Any CPU.Build.0 = Debug|Any CPU
		{47CA8B22-F79E-41D7-A5E7-2500FDD30B20}.Release|Any CPU.ActiveCfg = Release|Any CPU
		{47CA8B22-F79E-41D7-A5E7-2500FDD30B20}.Release|Any CPU.Build.0 = Release|Any CPU
		{3B7CC337-DE58-4A1C-9C10-8DB9FB2E3EC4}.Debug|Any CPU.ActiveCfg = Debug|Any CPU
		{3B7CC337-DE58-4A1C-9C10-8DB9FB2E3EC4}.Debug|Any CPU.Build.0 = Debug|Any CPU
		{3B7CC337-DE58-4A1C-9C10-8DB9FB2E3EC4}.Release|Any CPU.ActiveCfg = Release|Any CPU
		{3B7CC337-DE58-4A1C-9C10-8DB9FB2E3EC4}.Release|Any CPU.Build.0 = Release|Any CPU
		{49A2C008-3CF1-4568-B71A-FB12C192651E}.Debug|Any CPU.ActiveCfg = Debug|Any CPU
		{49A2C008-3CF1-4568-B71A-FB12C192651E}.Debug|Any CPU.Build.0 = Debug|Any CPU
		{49A2C008-3CF1-4568-B71A-FB12C192651E}.Release|Any CPU.ActiveCfg = Release|Any CPU
		{49A2C008-3CF1-4568-B71A-FB12C192651E}.Release|Any CPU.Build.0 = Release|Any CPU
	EndGlobalSection
	GlobalSection(SolutionProperties) = preSolution
		HideSolutionNode = FALSE
	EndGlobalSection
	GlobalSection(ExtensibilityGlobals) = postSolution
		SolutionGuid = {27633B1F-2EB7-4E00-A3D1-1863F29F4253}
	EndGlobalSection
EndGlobal
